
Microsoft Visual Studio Solution File, Format Version 12.00
# Visual Studio Version 16
VisualStudioVersion = 16.0.32106.194
MinimumVisualStudioVersion = 10.0.40219.1
Project("{FAE04EC0-301F-11D3-BF4B-00C04F79EFBC}") = "SoundRomEditor", "SoundRomEditor\SoundRomEditor.csproj", "{AD3003D3-E087-4894-AC65-BE37A70262F2}"
EndProject
Global
	GlobalSection(SolutionConfigurationPlatforms) = preSolution
		Debug|Any CPU = Debug|Any CPU
		Release|Any CPU = Release|Any CPU
	EndGlobalSection
	GlobalSection(ProjectConfigurationPlatforms) = postSolution
		{AD3003D3-E087-4894-AC65-BE37A70262F2}.Debug|Any CPU.ActiveCfg = Debug|Any CPU
		{AD3003D3-E087-4894-AC65-BE37A70262F2}.Debug|Any CPU.Build.0 = Debug|Any CPU
		{AD3003D3-E087-4894-AC65-BE37A70262F2}.Release|Any CPU.ActiveCfg = Release|Any CPU
		{AD3003D3-E087-4894-AC65-BE37A70262F2}.Release|Any CPU.Build.0 = Release|Any CPU
	EndGlobalSection
	GlobalSection(SolutionProperties) = preSolution
		HideSolutionNode = FALSE
	EndGlobalSection
	GlobalSection(ExtensibilityGlobals) = postSolution
		SolutionGuid = {158A2065-82A6-4BBE-8B68-7EC517A1BFE7}
	EndGlobalSection
EndGlobal
